
Microsoft Visual Studio Solution File, Format Version 12.00
# Visual Studio 14
VisualStudioVersion = 14.0.24720.0
MinimumVisualStudioVersion = 10.0.40219.1
Project("{FAE04EC0-301F-11D3-BF4B-00C04F79EFBC}") = "ADS_BcryptProject", "ADS_BcryptProject\ADS_BcryptProject.csproj", "{F51624F9-B070-4E8D-9B52-6E6319A1B814}"
EndProject
Global
	GlobalSection(SolutionConfigurationPlatforms) = preSolution
		Debug|Any CPU = Debug|Any CPU
		Release|Any CPU = Release|Any CPU
	EndGlobalSection
	GlobalSection(ProjectConfigurationPlatforms) = postSolution
		{F51624F9-B070-4E8D-9B52-6E6319A1B814}.Debug|Any CPU.ActiveCfg = Debug|Any CPU
		{F51624F9-B070-4E8D-9B52-6E6319A1B814}.Debug|Any CPU.Build.0 = Debug|Any CPU
		{F51624F9-B070-4E8D-9B52-6E6319A1B814}.Release|Any CPU.ActiveCfg = Release|Any CPU
		{F51624F9-B070-4E8D-9B52-6E6319A1B814}.Release|Any CPU.Build.0 = Release|Any CPU
	EndGlobalSection
	GlobalSection(SolutionProperties) = preSolution
		HideSolutionNode = FALSE
	EndGlobalSection
EndGlobal
